
Microsoft Visual Studio Solution File, Format Version 12.00
# Visual Studio Version 17
VisualStudioVersion = 17.5.33424.131
MinimumVisualStudioVersion = 10.0.40219.1
Project("{2150E333-8FDC-42A3-9474-1A3956D46DE8}") = "src", "src", "{0601BB17-6FF3-4813-B942-89371F4DA240}"
EndProject
Project("{9A19103F-16F7-4668-BE54-9A1E7A4F7556}") = "VideoConferencingDemo.Web", "src\VideoConferencingDemo.Web\VideoConferencingDemo.Web.csproj", "{A745BFFD-CF56-40A4-96ED-C964AF819A19}"
EndProject
Project("{9A19103F-16F7-4668-BE54-9A1E7A4F7556}") = "VideoConferencingDemo.Infrastructure", "src\VideoConferencingDemo.Infrastructure\VideoConferencingDemo.Infrastructure.csproj", "{8630ADE6-F19D-418A-A599-5952CF822306}"
EndProject
Project("{2150E333-8FDC-42A3-9474-1A3956D46DE8}") = "tests", "tests", "{44C330B5-CAE4-4801-9AC8-E63E242BD5DF}"
EndProject
Project("{FAE04EC0-301F-11D3-BF4B-00C04F79EFBC}") = "VideoConferencingDemo.Infrastructure.UnitTest", "tests\VideoConferencingDemo.Infrastructure.UnitTest\VideoConferencingDemo.Infrastructure.UnitTest.csproj", "{950B1BE5-0994-490B-9B4D-74DBF85CA7BB}"
EndProject
Global
	GlobalSection(SolutionConfigurationPlatforms) = preSolution
		Debug|Any CPU = Debug|Any CPU
		Release|Any CPU = Release|Any CPU
	EndGlobalSection
	GlobalSection(ProjectConfigurationPlatforms) = postSolution
		{A745BFFD-CF56-40A4-96ED-C964AF819A19}.Debug|Any CPU.ActiveCfg = Debug|Any CPU
		{A745BFFD-CF56-40A4-96ED-C964AF819A19}.Debug|Any CPU.Build.0 = Debug|Any CPU
		{A745BFFD-CF56-40A4-96ED-C964AF819A19}.Release|Any CPU.ActiveCfg = Release|Any CPU
		{A745BFFD-CF56-40A4-96ED-C964AF819A19}.Release|Any CPU.Build.0 = Release|Any CPU
		{8630ADE6-F19D-418A-A599-5952CF822306}.Debug|Any CPU.ActiveCfg = Debug|Any CPU
		{8630ADE6-F19D-418A-A599-5952CF822306}.Debug|Any CPU.Build.0 = Debug|Any CPU
		{8630ADE6-F19D-418A-A599-5952CF822306}.Release|Any CPU.ActiveCfg = Release|Any CPU
		{8630ADE6-F19D-418A-A599-5952CF822306}.Release|Any CPU.Build.0 = Release|Any CPU
		{950B1BE5-0994-490B-9B4D-74DBF85CA7BB}.Debug|Any CPU.ActiveCfg = Debug|Any CPU
		{950B1BE5-0994-490B-9B4D-74DBF85CA7BB}.Debug|Any CPU.Build.0 = Debug|Any CPU
		{950B1BE5-0994-490B-9B4D-74DBF85CA7BB}.Release|Any CPU.ActiveCfg = Release|Any CPU
		{950B1BE5-0994-490B-9B4D-74DBF85CA7BB}.Release|Any CPU.Build.0 = Release|Any CPU
	EndGlobalSection
	GlobalSection(SolutionProperties) = preSolution
		HideSolutionNode = FALSE
	EndGlobalSection
	GlobalSection(NestedProjects) = preSolution
		{A745BFFD-CF56-40A4-96ED-C964AF819A19} = {0601BB17-6FF3-4813-B942-89371F4DA240}
		{8630ADE6-F19D-418A-A599-5952CF822306} = {0601BB17-6FF3-4813-B942-89371F4DA240}
		{950B1BE5-0994-490B-9B4D-74DBF85CA7BB} = {44C330B5-CAE4-4801-9AC8-E63E242BD5DF}
	EndGlobalSection
	GlobalSection(ExtensibilityGlobals) = postSolution
		SolutionGuid = {E31C9336-A32A-47E2-94DE-16DE0F5098A8}
	EndGlobalSection
EndGlobal
